
Microsoft Visual Studio Solution File, Format Version 11.00
# Visual Studio 2010
Project("{F184B08F-C81C-45F6-A57F-5ABD9991F28F}") = "Ordering Version 2 with Code", "Ordering Version 2 with Code\Ordering Version 2 with Code.vbproj", "{B6FDDF44-93B3-421D-9FFC-E87984C98DD6}"
EndProject
Global
	GlobalSection(SolutionConfigurationPlatforms) = preSolution
		Debug|x86 = Debug|x86
		Release|x86 = Release|x86
	EndGlobalSection
	GlobalSection(ProjectConfigurationPlatforms) = postSolution
		{B6FDDF44-93B3-421D-9FFC-E87984C98DD6}.Debug|x86.ActiveCfg = Debug|x86
		{B6FDDF44-93B3-421D-9FFC-E87984C98DD6}.Debug|x86.Build.0 = Debug|x86
		{B6FDDF44-93B3-421D-9FFC-E87984C98DD6}.Release|x86.ActiveCfg = Release|x86
		{B6FDDF44-93B3-421D-9FFC-E87984C98DD6}.Release|x86.Build.0 = Release|x86
	EndGlobalSection
	GlobalSection(SolutionProperties) = preSolution
		HideSolutionNode = FALSE
	EndGlobalSection
EndGlobal
